{
  "version": 4,
  "terraform_version": "0.12.6",
  "serial": 4,
  "lineage": "94f50ab2-45ca-438b-3036-491811a350da",
  "outputs": {},
  "resources": [
    {
      "mode": "managed",
      "type": "google_pubsub_subscription",
      "name": "node-red-subscription",
      "provider": "provider.google",
      "instances": [
        {
          "schema_version": 0,
          "attributes": {
            "ack_deadline_seconds": 10,
            "expiration_policy": [
              {
                "ttl": "2678400s"
              }
            ],
            "id": "projects/kolban-test/subscriptions/node-red-subscription",
            "labels": null,
            "message_retention_duration": "604800s",
            "name": "node-red-subscription",
            "path": "projects//subscriptions/node-red-subscription",
            "project": "kolban-test",
            "push_config": [],
            "retain_acked_messages": false,
            "timeouts": null,
            "topic": "projects/kolban-test/topics/node-red-topic"
          },
          "private": "eyJlMmJmYjczMC1lY2FhLTExZTYtOGY4OC0zNDM2M2JjN2M0YzAiOnsiY3JlYXRlIjoyNDAwMDAwMDAwMDAsImRlbGV0ZSI6MjQwMDAwMDAwMDAwLCJ1cGRhdGUiOjI0MDAwMDAwMDAwMH19",
          "depends_on": [
            "google_pubsub_topic.node-red-topic"
          ]
        }
      ]
    },
    {
      "mode": "managed",
      "type": "google_pubsub_topic",
      "name": "node-red-topic",
      "provider": "provider.google",
      "instances": [
        {
          "schema_version": 0,
          "attributes": {
            "id": "projects/kolban-test/topics/node-red-topic",
            "kms_key_name": "",
            "labels": null,
            "message_storage_policy": [],
            "name": "node-red-topic",
            "project": "kolban-test",
            "timeouts": null
          },
          "private": "eyJlMmJmYjczMC1lY2FhLTExZTYtOGY4OC0zNDM2M2JjN2M0YzAiOnsiY3JlYXRlIjoyNDAwMDAwMDAwMDAsImRlbGV0ZSI6MjQwMDAwMDAwMDAwLCJ1cGRhdGUiOjI0MDAwMDAwMDAwMH19"
        }
      ]
    }
  ]
}
